
Microsoft Visual Studio Solution File, Format Version 12.00
# Visual Studio Version 16
VisualStudioVersion = 16.0.32630.194
MinimumVisualStudioVersion = 10.0.40219.1
Project("{FAE04EC0-301F-11D3-BF4B-00C04F79EFBC}") = "Exercise_01", "Exercise_01\Exercise_01.csproj", "{8928AC87-F380-4AC4-B3B2-6452C6069BA1}"
EndProject
Global
	GlobalSection(SolutionConfigurationPlatforms) = preSolution
		Debug|Any CPU = Debug|Any CPU
		Release|Any CPU = Release|Any CPU
	EndGlobalSection
	GlobalSection(ProjectConfigurationPlatforms) = postSolution
		{8928AC87-F380-4AC4-B3B2-6452C6069BA1}.Debug|Any CPU.ActiveCfg = Debug|Any CPU
		{8928AC87-F380-4AC4-B3B2-6452C6069BA1}.Debug|Any CPU.Build.0 = Debug|Any CPU
		{8928AC87-F380-4AC4-B3B2-6452C6069BA1}.Release|Any CPU.ActiveCfg = Release|Any CPU
		{8928AC87-F380-4AC4-B3B2-6452C6069BA1}.Release|Any CPU.Build.0 = Release|Any CPU
	EndGlobalSection
	GlobalSection(SolutionProperties) = preSolution
		HideSolutionNode = FALSE
	EndGlobalSection
	GlobalSection(ExtensibilityGlobals) = postSolution
		SolutionGuid = {F3CD90BD-F4D8-40EB-B2B7-41FD0189F41C}
	EndGlobalSection
EndGlobal
